// !$*UTF8*$!
{
	archiveVersion = 1;
	classes = {
	};
	objectVersion = 50;
	objects = {

/* Begin PBXBuildFile section */
		CF343D8022F2037600400BCA /* Album.swift in Sources */ = {isa = PBXBuildFile; fileRef = CF343D7F22F2037600400BCA /* Album.swift */; };
		CFAA4B9422F0C5CE00703952 /* AppDelegate.swift in Sources */ = {isa = PBXBuildFile; fileRef = CFAA4B9322F0C5CE00703952 /* AppDelegate.swift */; };
		CFAA4B9622F0C5CE00703952 /* ViewController.swift in Sources */ = {isa = PBXBuildFile; fileRef = CFAA4B9522F0C5CE00703952 /* ViewController.swift */; };
		CFAA4B9922F0C5CE00703952 /* Main.storyboard in Resources */ = {isa = PBXBuildFile; fileRef = CFAA4B9722F0C5CE00703952 /* Main.storyboard */; };
		CFAA4B9B22F0C5D000703952 /* Assets.xcassets in Resources */ = {isa = PBXBuildFile; fileRef = CFAA4B9A22F0C5D000703952 /* Assets.xcassets */; };
		CFAA4B9E22F0C5D000703952 /* LaunchScreen.storyboard in Resources */ = {isa = PBXBuildFile; fileRef = CFAA4B9C22F0C5D000703952 /* LaunchScreen.storyboard */; };
		CFAA4BA622F0C60E00703952 /* TablewViewController.swift in Sources */ = {isa = PBXBuildFile; fileRef = CFAA4BA522F0C60E00703952 /* TablewViewController.swift */; };
		CFAA4BA822F0C62000703952 /* TableViewCell.swift in Sources */ = {isa = PBXBuildFile; fileRef = CFAA4BA722F0C62000703952 /* TableViewCell.swift */; };
		CFAA4BAC22F0D3CF00703952 /* NetworkApi.swift in Sources */ = {isa = PBXBuildFile; fileRef = CFAA4BAB22F0D3CF00703952 /* NetworkApi.swift */; };
/* End PBXBuildFile section */

/* Begin PBXFileReference section */
		CF343D7F22F2037600400BCA /* Album.swift */ = {isa = PBXFileReference; lastKnownFileType = sourcecode.swift; path = Album.swift; sourceTree = "<group>"; };
		CFAA4B9022F0C5CE00703952 /* testeFiltros.app */ = {isa = PBXFileReference; explicitFileType = wrapper.application; includeInIndex = 0; path = testeFiltros.app; sourceTree = BUILT_PRODUCTS_DIR; };
		CFAA4B9322F0C5CE00703952 /* AppDelegate.swift */ = {isa = PBXFileReference; lastKnownFileType = sourcecode.swift; path = AppDelegate.swift; sourceTree = "<group>"; };
		CFAA4B9522F0C5CE00703952 /* ViewController.swift */ = {isa = PBXFileReference; lastKnownFileType = sourcecode.swift; path = ViewController.swift; sourceTree = "<group>"; };
		CFAA4B9822F0C5CE00703952 /* Base */ = {isa = PBXFileReference; lastKnownFileType = file.storyboard; name = Base; path = Base.lproj/Main.storyboard; sourceTree = "<group>"; };
		CFAA4B9A22F0C5D000703952 /* Assets.xcassets */ = {isa = PBXFileReference; lastKnownFileType = folder.assetcatalog; path = Assets.xcassets; sourceTree = "<group>"; };
		CFAA4B9D22F0C5D000703952 /* Base */ = {isa = PBXFileReference; lastKnownFileType = file.storyboard; name = Base; path = Base.lproj/LaunchScreen.storyboard; sourceTree = "<group>"; };
		CFAA4B9F22F0C5D000703952 /* Info.plist */ = {isa = PBXFileReference; lastKnownFileType = text.plist.xml; path = Info.plist; sourceTree = "<group>"; };
		CFAA4BA522F0C60E00703952 /* TablewViewController.swift */ = {isa = PBXFileReference; lastKnownFileType = sourcecode.swift; path = TablewViewController.swift; sourceTree = "<group>"; };
		CFAA4BA722F0C62000703952 /* TableViewCell.swift */ = {isa = PBXFileReference; lastKnownFileType = sourcecode.swift; path = TableViewCell.swift; sourceTree = "<group>"; };
		CFAA4BAB22F0D3CF00703952 /* NetworkApi.swift */ = {isa = PBXFileReference; lastKnownFileType = sourcecode.swift; path = NetworkApi.swift; sourceTree = "<group>"; };
/* End PBXFileReference section */

/* Begin PBXFrameworksBuildPhase section */
		CFAA4B8D22F0C5CE00703952 /* Frameworks */ = {
			isa = PBXFrameworksBuildPhase;
			buildActionMask = 2147483647;
			files = (
			);
			runOnlyForDeploymentPostprocessing = 0;
		};
/* End PBXFrameworksBuildPhase section */

/* Begin PBXGroup section */
		CFAA4B8722F0C5CE00703952 = {
			isa = PBXGroup;
			children = (
				CFAA4B9222F0C5CE00703952 /* testeFiltros */,
				CFAA4B9122F0C5CE00703952 /* Products */,
			);
			sourceTree = "<group>";
		};
		CFAA4B9122F0C5CE00703952 /* Products */ = {
			isa = PBXGroup;
			children = (
				CFAA4B9022F0C5CE00703952 /* testeFiltros.app */,
			);
			name = Products;
			sourceTree = "<group>";
		};
		CFAA4B9222F0C5CE00703952 /* testeFiltros */ = {
			isa = PBXGroup;
			children = (
				CFAA4B9322F0C5CE00703952 /* AppDelegate.swift */,
				CFAA4B9522F0C5CE00703952 /* ViewController.swift */,
				CFAA4BA522F0C60E00703952 /* TablewViewController.swift */,
				CFAA4BA722F0C62000703952 /* TableViewCell.swift */,
				CFAA4BAB22F0D3CF00703952 /* NetworkApi.swift */,
				CF343D7F22F2037600400BCA /* Album.swift */,
				CFAA4B9722F0C5CE00703952 /* Main.storyboard */,
				CFAA4B9A22F0C5D000703952 /* Assets.xcassets */,
				CFAA4B9C22F0C5D000703952 /* LaunchScreen.storyboard */,
				CFAA4B9F22F0C5D000703952 /* Info.plist */,
			);
			path = testeFiltros;
			sourceTree = "<group>";
		};
/* End PBXGroup section */

/* Begin PBXNativeTarget section */
		CFAA4B8F22F0C5CE00703952 /* testeFiltros */ = {
			isa = PBXNativeTarget;
			buildConfigurationList = CFAA4BA222F0C5D000703952 /* Build configuration list for PBXNativeTarget "testeFiltros" */;
			buildPhases = (
				CFAA4B8C22F0C5CE00703952 /* Sources */,
				CFAA4B8D22F0C5CE00703952 /* Frameworks */,
				CFAA4B8E22F0C5CE00703952 /* Resources */,
			);
			buildRules = (
			);
			dependencies = (
			);
			name = testeFiltros;
			productName = testeFiltros;
			productReference = CFAA4B9022F0C5CE00703952 /* testeFiltros.app */;
			productType = "com.apple.product-type.application";
		};
/* End PBXNativeTarget section */

/* Begin PBXProject section */
		CFAA4B8822F0C5CE00703952 /* Project object */ = {
			isa = PBXProject;
			attributes = {
				LastSwiftUpdateCheck = 1030;
				LastUpgradeCheck = 1030;
				ORGANIZATIONNAME = "Lelio Jorge Junior";
				TargetAttributes = {
					CFAA4B8F22F0C5CE00703952 = {
						CreatedOnToolsVersion = 10.3;
					};
				};
			};
			buildConfigurationList = CFAA4B8B22F0C5CE00703952 /* Build configuration list for PBXProject "testeFiltros" */;
			compatibilityVersion = "Xcode 9.3";
			developmentRegion = en;
			hasScannedForEncodings = 0;
			knownRegions = (
				en,
				Base,
			);
			mainGroup = CFAA4B8722F0C5CE00703952;
			productRefGroup = CFAA4B9122F0C5CE00703952 /* Products */;
			projectDirPath = "";
			projectRoot = "";
			targets = (
				CFAA4B8F22F0C5CE00703952 /* testeFiltros */,
			);
		};
/* End PBXProject section */

/* Begin PBXResourcesBuildPhase section */
		CFAA4B8E22F0C5CE00703952 /* Resources */ = {
			isa = PBXResourcesBuildPhase;
			buildActionMask = 2147483647;
			files = (
				CFAA4B9E22F0C5D000703952 /* LaunchScreen.storyboard in Resources */,
				CFAA4B9B22F0C5D000703952 /* Assets.xcassets in Resources */,
				CFAA4B9922F0C5CE00703952 /* Main.storyboard in Resources */,
			);
			runOnlyForDeploymentPostprocessing = 0;
		};
/* End PBXResourcesBuildPhase section */

/* Begin PBXSourcesBuildPhase section */
		CFAA4B8C22F0C5CE00703952 /* Sources */ = {
			isa = PBXSourcesBuildPhase;
			buildActionMask = 2147483647;
			files = (
				CFAA4BAC22F0D3CF00703952 /* NetworkApi.swift in Sources */,
				CFAA4BA622F0C60E00703952 /* TablewViewController.swift in Sources */,
				CFAA4BA822F0C62000703952 /* TableViewCell.swift in Sources */,
				CFAA4B9622F0C5CE00703952 /* ViewController.swift in Sources */,
				CFAA4B9422F0C5CE00703952 /* AppDelegate.swift in Sources */,
				CF343D8022F2037600400BCA /* Album.swift in Sources */,
			);
			runOnlyForDeploymentPostprocessing = 0;
		};
/* End PBXSourcesBuildPhase section */

/* Begin PBXVariantGroup section */
		CFAA4B9722F0C5CE00703952 /* Main.storyboard */ = {
			isa = PBXVariantGroup;
			children = (
				CFAA4B9822F0C5CE00703952 /* Base */,
			);
			name = Main.storyboard;
			sourceTree = "<group>";
		};
		CFAA4B9C22F0C5D000703952 /* LaunchScreen.storyboard */ = {
			isa = PBXVariantGroup;
			children = (
				CFAA4B9D22F0C5D000703952 /* Base */,
			);
			name = LaunchScreen.storyboard;
			sourceTree = "<group>";
		};
/* End PBXVariantGroup section */

/* Begin XCBuildConfiguration section */
		CFAA4BA022F0C5D000703952 /* Debug */ = {
			isa = XCBuildConfiguration;
			buildSettings = {
				ALWAYS_SEARCH_USER_PATHS = NO;
				CLANG_ANALYZER_NONNULL = YES;
				CLANG_ANALYZER_NUMBER_OBJECT_CONVERSION = YES_AGGRESSIVE;
				CLANG_CXX_LANGUAGE_STANDARD = "gnu++14";
				CLANG_CXX_LIBRARY = "libc++";
				CLANG_ENABLE_MODULES = YES;
				CLANG_ENABLE_OBJC_ARC = YES;
				CLANG_ENABLE_OBJC_WEAK = YES;
				CLANG_WARN_BLOCK_CAPTURE_AUTORELEASING = YES;
				CLANG_WARN_BOOL_CONVERSION = YES;
				CLANG_WARN_COMMA = YES;
				CLANG_WARN_CONSTANT_CONVERSION = YES;
				CLANG_WARN_DEPRECATED_OBJC_IMPLEMENTATIONS = YES;
				CLANG_WARN_DIRECT_OBJC_ISA_USAGE = YES_ERROR;
				CLANG_WARN_DOCUMENTATION_COMMENTS = YES;
				CLANG_WARN_EMPTY_BODY = YES;
				CLANG_WARN_ENUM_CONVERSION = YES;
				CLANG_WARN_INFINITE_RECURSION = YES;
				CLANG_WARN_INT_CONVERSION = YES;
				CLANG_WARN_NON_LITERAL_NULL_CONVERSION = YES;
				CLANG_WARN_OBJC_IMPLICIT_RETAIN_SELF = YES;
				CLANG_WARN_OBJC_LITERAL_CONVERSION = YES;
				CLANG_WARN_OBJC_ROOT_CLASS = YES_ERROR;
				CLANG_WARN_RANGE_LOOP_ANALYSIS = YES;
				CLANG_WARN_STRICT_PROTOTYPES = YES;
				CLANG_WARN_SUSPICIOUS_MOVE = YES;
				CLANG_WARN_UNGUARDED_AVAILABILITY = YES_AGGRESSIVE;
				CLANG_WARN_UNREACHABLE_CODE = YES;
				CLANG_WARN__DUPLICATE_METHOD_MATCH = YES;
				CODE_SIGN_IDENTITY = "iPhone Developer";
				COPY_PHASE_STRIP = NO;
				DEBUG_INFORMATION_FORMAT = dwarf;
				ENABLE_STRICT_OBJC_MSGSEND = YES;
				ENABLE_TESTABILITY = YES;
				GCC_C_LANGUAGE_STANDARD = gnu11;
				GCC_DYNAMIC_NO_PIC = NO;
				GCC_NO_COMMON_BLOCKS = YES;
				GCC_OPTIMIZATION_LEVEL = 0;
				GCC_PREPROCESSOR_DEFINITIONS = (
					"DEBUG=1",
					"$(inherited)",
				);
				GCC_WARN_64_TO_32_BIT_CONVERSION = YES;
				GCC_WARN_ABOUT_RETURN_TYPE = YES_ERROR;
				GCC_WARN_UNDECLARED_SELECTOR = YES;
				GCC_WARN_UNINITIALIZED_AUTOS = YES_AGGRESSIVE;
				GCC_WARN_UNUSED_FUNCTION = YES;
				GCC_WARN_UNUSED_VARIABLE = YES;
				IPHONEOS_DEPLOYMENT_TARGET = 12.4;
				MTL_ENABLE_DEBUG_INFO = INCLUDE_SOURCE;
				MTL_FAST_MATH = YES;
				ONLY_ACTIVE_ARCH = YES;
				SDKROOT = iphoneos;
				SWIFT_ACTIVE_COMPILATION_CONDITIONS = DEBUG;
				SWIFT_OPTIMIZATION_LEVEL = "-Onone";
			};
			name = Debug;
		};
		CFAA4BA122F0C5D000703952 /* Release */ = {
			isa = XCBuildConfiguration;
			buildSettings = {
				ALWAYS_SEARCH_USER_PATHS = NO;
				CLANG_ANALYZER_NONNULL = YES;
				CLANG_ANALYZER_NUMBER_OBJECT_CONVERSION = YES_AGGRESSIVE;
				CLANG_CXX_LANGUAGE_STANDARD = "gnu++14";
				CLANG_CXX_LIBRARY = "libc++";
				CLANG_ENABLE_MODULES = YES;
				CLANG_ENABLE_OBJC_ARC = YES;
				CLANG_ENABLE_OBJC_WEAK = YES;
				CLANG_WARN_BLOCK_CAPTURE_AUTORELEASING = YES;
				CLANG_WARN_BOOL_CONVERSION = YES;
				CLANG_WARN_COMMA = YES;
				CLANG_WARN_CONSTANT_CONVERSION = YES;
				CLANG_WARN_DEPRECATED_OBJC_IMPLEMENTATIONS = YES;
				CLANG_WARN_DIRECT_OBJC_ISA_USAGE = YES_ERROR;
				CLANG_WARN_DOCUMENTATION_COMMENTS = YES;
				CLANG_WARN_EMPTY_BODY = YES;
				CLANG_WARN_ENUM_CONVERSION = YES;
				CLANG_WARN_INFINITE_RECURSION = YES;
				CLANG_WARN_INT_CONVERSION = YES;
				CLANG_WARN_NON_LITERAL_NULL_CONVERSION = YES;
				CLANG_WARN_OBJC_IMPLICIT_RETAIN_SELF = YES;
				CLANG_WARN_OBJC_LITERAL_CONVERSION = YES;
				CLANG_WARN_OBJC_ROOT_CLASS = YES_ERROR;
				CLANG_WARN_RANGE_LOOP_ANALYSIS = YES;
				CLANG_WARN_STRICT_PROTOTYPES = YES;
				CLANG_WARN_SUSPICIOUS_MOVE = YES;
				CLANG_WARN_UNGUARDED_AVAILABILITY = YES_AGGRESSIVE;
				CLANG_WARN_UNREACHABLE_CODE = YES;
				CLANG_WARN__DUPLICATE_METHOD_MATCH = YES;
				CODE_SIGN_IDENTITY = "iPhone Developer";
				COPY_PHASE_STRIP = NO;
				DEBUG_INFORMATION_FORMAT = "dwarf-with-dsym";
				ENABLE_NS_ASSERTIONS = NO;
				ENABLE_STRICT_OBJC_MSGSEND = YES;
				GCC_C_LANGUAGE_STANDARD = gnu11;
				GCC_NO_COMMON_BLOCKS = YES;
				GCC_WARN_64_TO_32_BIT_CONVERSION = YES;
				GCC_WARN_ABOUT_RETURN_TYPE = YES_ERROR;
				GCC_WARN_UNDECLARED_SELECTOR = YES;
				GCC_WARN_UNINITIALIZED_AUTOS = YES_AGGRESSIVE;
				GCC_WARN_UNUSED_FUNCTION = YES;
				GCC_WARN_UNUSED_VARIABLE = YES;
				IPHONEOS_DEPLOYMENT_TARGET = 12.4;
				MTL_ENABLE_DEBUG_INFO = NO;
				MTL_FAST_MATH = YES;
				SDKROOT = iphoneos;
				SWIFT_COMPILATION_MODE = wholemodule;
				SWIFT_OPTIMIZATION_LEVEL = "-O";
				VALIDATE_PRODUCT = YES;
			};
			name = Release;
		};
		CFAA4BA322F0C5D000703952 /* Debug */ = {
			isa = XCBuildConfiguration;
			buildSettings = {
				ASSETCATALOG_COMPILER_APPICON_NAME = AppIcon;
				CODE_SIGN_STYLE = Automatic;
				DEVELOPMENT_TEAM = S6GR5F77JK;
				INFOPLIST_FILE = testeFiltros/Info.plist;
				LD_RUNPATH_SEARCH_PATHS = (
					"$(inherited)",
					"@executable_path/Frameworks",
				);
				PRODUCT_BUNDLE_IDENTIFIER = com.IMC.testeFiltros;
				PRODUCT_NAME = "$(TARGET_NAME)";
				SWIFT_VERSION = 5.0;
				TARGETED_DEVICE_FAMILY = "1,2";
			};
			name = Debug;
		};
		CFAA4BA422F0C5D000703952 /* Release */ = {
			isa = XCBuildConfiguration;
			buildSettings = {
				ASSETCATALOG_COMPILER_APPICON_NAME = AppIcon;
				CODE_SIGN_STYLE = Automatic;
				DEVELOPMENT_TEAM = S6GR5F77JK;
				INFOPLIST_FILE = testeFiltros/Info.plist;
				LD_RUNPATH_SEARCH_PATHS = (
					"$(inherited)",
					"@executable_path/Frameworks",
				);
				PRODUCT_BUNDLE_IDENTIFIER = com.IMC.testeFiltros;
				PRODUCT_NAME = "$(TARGET_NAME)";
				SWIFT_VERSION = 5.0;
				TARGETED_DEVICE_FAMILY = "1,2";
			};
			name = Release;
		};
/* End XCBuildConfiguration section */

/* Begin XCConfigurationList section */
		CFAA4B8B22F0C5CE00703952 /* Build configuration list for PBXProject "testeFiltros" */ = {
			isa = XCConfigurationList;
			buildConfigurations = (
				CFAA4BA022F0C5D000703952 /* Debug */,
				CFAA4BA122F0C5D000703952 /* Release */,
			);
			defaultConfigurationIsVisible = 0;
			defaultConfigurationName = Release;
		};
		CFAA4BA222F0C5D000703952 /* Build configuration list for PBXNativeTarget "testeFiltros" */ = {
			isa = XCConfigurationList;
			buildConfigurations = (
				CFAA4BA322F0C5D000703952 /* Debug */,
				CFAA4BA422F0C5D000703952 /* Release */,
			);
			defaultConfigurationIsVisible = 0;
			defaultConfigurationName = Release;
		};
/* End XCConfigurationList section */
	};
	rootObject = CFAA4B8822F0C5CE00703952 /* Project object */;
}
